
Microsoft Visual Studio Solution File, Format Version 12.00
# Visual Studio Version 16
VisualStudioVersion = 16.0.31005.135
MinimumVisualStudioVersion = 10.0.40219.1
Project("{9A19103F-16F7-4668-BE54-9A1E7A4F7556}") = "MusicManager", "MusicManager\MusicManager.csproj", "{AC987DB7-32A1-4FEB-96D9-6A504EC35CA1}"
EndProject
Project("{9A19103F-16F7-4668-BE54-9A1E7A4F7556}") = "MusicManagerContextLib", "MusicManagerContextLib\MusicManagerContextLib.csproj", "{4FA6C851-DDB9-43CA-86B4-0317177D67DC}"
EndProject
Project("{9A19103F-16F7-4668-BE54-9A1E7A4F7556}") = "MVVM.Tools", "MVVM.Tools\MVVM.Tools.csproj", "{0D5ABDFC-0C5B-4687-9634-3CD2119A87CD}"
EndProject
Global
	GlobalSection(SolutionConfigurationPlatforms) = preSolution
		Debug|Any CPU = Debug|Any CPU
		Release|Any CPU = Release|Any CPU
	EndGlobalSection
	GlobalSection(ProjectConfigurationPlatforms) = postSolution
		{AC987DB7-32A1-4FEB-96D9-6A504EC35CA1}.Debug|Any CPU.ActiveCfg = Debug|Any CPU
		{AC987DB7-32A1-4FEB-96D9-6A504EC35CA1}.Debug|Any CPU.Build.0 = Debug|Any CPU
		{AC987DB7-32A1-4FEB-96D9-6A504EC35CA1}.Release|Any CPU.ActiveCfg = Release|Any CPU
		{AC987DB7-32A1-4FEB-96D9-6A504EC35CA1}.Release|Any CPU.Build.0 = Release|Any CPU
		{4FA6C851-DDB9-43CA-86B4-0317177D67DC}.Debug|Any CPU.ActiveCfg = Debug|Any CPU
		{4FA6C851-DDB9-43CA-86B4-0317177D67DC}.Debug|Any CPU.Build.0 = Debug|Any CPU
		{4FA6C851-DDB9-43CA-86B4-0317177D67DC}.Release|Any CPU.ActiveCfg = Release|Any CPU
		{4FA6C851-DDB9-43CA-86B4-0317177D67DC}.Release|Any CPU.Build.0 = Release|Any CPU
		{0D5ABDFC-0C5B-4687-9634-3CD2119A87CD}.Debug|Any CPU.ActiveCfg = Debug|Any CPU
		{0D5ABDFC-0C5B-4687-9634-3CD2119A87CD}.Debug|Any CPU.Build.0 = Debug|Any CPU
		{0D5ABDFC-0C5B-4687-9634-3CD2119A87CD}.Release|Any CPU.ActiveCfg = Release|Any CPU
		{0D5ABDFC-0C5B-4687-9634-3CD2119A87CD}.Release|Any CPU.Build.0 = Release|Any CPU
	EndGlobalSection
	GlobalSection(SolutionProperties) = preSolution
		HideSolutionNode = FALSE
	EndGlobalSection
	GlobalSection(ExtensibilityGlobals) = postSolution
		SolutionGuid = {FE350933-E90B-4A16-BE35-1822244DEE08}
	EndGlobalSection
EndGlobal
